{"is_source_file": false, "format": "", "description": "", "external_files": [], "external_methods": [], "published": [], "classes": [], "methods": [], "calls": [], "search-terms": [], "state": 2, "file_id": 3, "knowledge_revision": 16, "git_revision": "03f63ae537872d27efc4545638871e94894e06dc", "hash": "9c4ed7ef73e22b872b8055bec08b8979", "format-version": 4, "code-base-name": "default", "filename": "note_app/post_process_status.lock", "revision_history": [{"16": "03f63ae537872d27efc4545638871e94894e06dc"}]}